
Microsoft Visual Studio Solution File, Format Version 12.00
# Visual Studio Version 17
VisualStudioVersion = 17.5.33502.453
MinimumVisualStudioVersion = 10.0.40219.1
Project("{9A19103F-16F7-4668-BE54-9A1E7A4F7556}") = "CameraAPI", "CameraAPI\CameraAPI.csproj", "{6A9DBD83-2537-4DB5-A849-5D8AD7FC550A}"
EndProject
Project("{9A19103F-16F7-4668-BE54-9A1E7A4F7556}") = "CameraStreamingServer", "CameraStreamingServer\CameraStreamingServer.csproj", "{AF18C8DB-184B-45C7-9EBD-CAD6F3D13213}"
EndProject
Project("{9A19103F-16F7-4668-BE54-9A1E7A4F7556}") = "SIPSorcery", "..\..\sipsorcery\src\SIPSorcery.csproj", "{13BC8C8F-86C6-441E-861E-B4ADF6D28BDF}"
EndProject
Global
	GlobalSection(SolutionConfigurationPlatforms) = preSolution
		Debug|Any CPU = Debug|Any CPU
		Release|Any CPU = Release|Any CPU
	EndGlobalSection
	GlobalSection(ProjectConfigurationPlatforms) = postSolution
		{6A9DBD83-2537-4DB5-A849-5D8AD7FC550A}.Debug|Any CPU.ActiveCfg = Debug|Any CPU
		{6A9DBD83-2537-4DB5-A849-5D8AD7FC550A}.Debug|Any CPU.Build.0 = Debug|Any CPU
		{6A9DBD83-2537-4DB5-A849-5D8AD7FC550A}.Release|Any CPU.ActiveCfg = Release|Any CPU
		{6A9DBD83-2537-4DB5-A849-5D8AD7FC550A}.Release|Any CPU.Build.0 = Release|Any CPU
		{AF18C8DB-184B-45C7-9EBD-CAD6F3D13213}.Debug|Any CPU.ActiveCfg = Debug|Any CPU
		{AF18C8DB-184B-45C7-9EBD-CAD6F3D13213}.Debug|Any CPU.Build.0 = Debug|Any CPU
		{AF18C8DB-184B-45C7-9EBD-CAD6F3D13213}.Release|Any CPU.ActiveCfg = Release|Any CPU
		{AF18C8DB-184B-45C7-9EBD-CAD6F3D13213}.Release|Any CPU.Build.0 = Release|Any CPU
		{13BC8C8F-86C6-441E-861E-B4ADF6D28BDF}.Debug|Any CPU.ActiveCfg = Debug|Any CPU
		{13BC8C8F-86C6-441E-861E-B4ADF6D28BDF}.Debug|Any CPU.Build.0 = Debug|Any CPU
		{13BC8C8F-86C6-441E-861E-B4ADF6D28BDF}.Release|Any CPU.ActiveCfg = Release|Any CPU
		{13BC8C8F-86C6-441E-861E-B4ADF6D28BDF}.Release|Any CPU.Build.0 = Release|Any CPU
	EndGlobalSection
	GlobalSection(SolutionProperties) = preSolution
		HideSolutionNode = FALSE
	EndGlobalSection
	GlobalSection(ExtensibilityGlobals) = postSolution
		SolutionGuid = {04476579-53E2-453D-90A4-01557F34CE14}
	EndGlobalSection
EndGlobal
