
Microsoft Visual Studio Solution File, Format Version 12.00
# Visual Studio Version 17
VisualStudioVersion = 17.5.33502.453
MinimumVisualStudioVersion = 10.0.40219.1
Project("{9A19103F-16F7-4668-BE54-9A1E7A4F7556}") = "SharpRTSPtoWebRTC", "SharpRTSPtoWebRTC\SharpRTSPtoWebRTC.csproj", "{A612AFCA-1E9B-4D53-B380-0A31F3CCC9DE}"
EndProject
Project("{9A19103F-16F7-4668-BE54-9A1E7A4F7556}") = "RTSPtoWebRTCGateway", "RTSPtoWebRTCGateway\RTSPtoWebRTCGateway.csproj", "{5D99E37F-0375-411F-A200-5354428E0944}"
EndProject
Global
	GlobalSection(SolutionConfigurationPlatforms) = preSolution
		Debug|Any CPU = Debug|Any CPU
		Release|Any CPU = Release|Any CPU
	EndGlobalSection
	GlobalSection(ProjectConfigurationPlatforms) = postSolution
		{A612AFCA-1E9B-4D53-B380-0A31F3CCC9DE}.Debug|Any CPU.ActiveCfg = Debug|Any CPU
		{A612AFCA-1E9B-4D53-B380-0A31F3CCC9DE}.Debug|Any CPU.Build.0 = Debug|Any CPU
		{A612AFCA-1E9B-4D53-B380-0A31F3CCC9DE}.Release|Any CPU.ActiveCfg = Release|Any CPU
		{A612AFCA-1E9B-4D53-B380-0A31F3CCC9DE}.Release|Any CPU.Build.0 = Release|Any CPU
		{5D99E37F-0375-411F-A200-5354428E0944}.Debug|Any CPU.ActiveCfg = Debug|Any CPU
		{5D99E37F-0375-411F-A200-5354428E0944}.Debug|Any CPU.Build.0 = Debug|Any CPU
		{5D99E37F-0375-411F-A200-5354428E0944}.Release|Any CPU.ActiveCfg = Release|Any CPU
		{5D99E37F-0375-411F-A200-5354428E0944}.Release|Any CPU.Build.0 = Release|Any CPU
	EndGlobalSection
	GlobalSection(SolutionProperties) = preSolution
		HideSolutionNode = FALSE
	EndGlobalSection
	GlobalSection(ExtensibilityGlobals) = postSolution
		SolutionGuid = {04476579-53E2-453D-90A4-01557F34CE14}
	EndGlobalSection
EndGlobal
